
Microsoft Visual Studio Solution File, Format Version 12.00
# Visual Studio Version 16
VisualStudioVersion = 25.0.1703.6
MinimumVisualStudioVersion = 10.0.40219.1
Project("{FAE04EC0-301F-11D3-BF4B-00C04F79EFBC}") = "dotnet-second", "dotnet-second\dotnet-second.csproj", "{BBA0221B-94D5-4497-A1DF-4FAD7E7C7D8A}"
EndProject
Global
	GlobalSection(SolutionConfigurationPlatforms) = preSolution
		Debug|Any CPU = Debug|Any CPU
		Release|Any CPU = Release|Any CPU
	EndGlobalSection
	GlobalSection(ProjectConfigurationPlatforms) = postSolution
		{BBA0221B-94D5-4497-A1DF-4FAD7E7C7D8A}.Debug|Any CPU.ActiveCfg = Debug|Any CPU
		{BBA0221B-94D5-4497-A1DF-4FAD7E7C7D8A}.Debug|Any CPU.Build.0 = Debug|Any CPU
		{BBA0221B-94D5-4497-A1DF-4FAD7E7C7D8A}.Release|Any CPU.ActiveCfg = Release|Any CPU
		{BBA0221B-94D5-4497-A1DF-4FAD7E7C7D8A}.Release|Any CPU.Build.0 = Release|Any CPU
	EndGlobalSection
	GlobalSection(SolutionProperties) = preSolution
		HideSolutionNode = FALSE
	EndGlobalSection
	GlobalSection(ExtensibilityGlobals) = postSolution
		SolutionGuid = {3D24429C-5AEC-4DA7-8AD6-A3070326B5C7}
	EndGlobalSection
EndGlobal
